<?xml version="1.0" encoding="utf-8"?>
<Project ToolsVersion="4.0" xmlns="http://schemas.microsoft.com/developer/msbuild/2003">
  <ItemGroup>
    <Filter Include="Source Files">
      <UniqueIdentifier>{4FC737F1-C7A5-4376-A066-2A32D752A2FF}</UniqueIdentifier>
      <Extensions>cpp;c;cc;cxx;def;odl;idl;hpj;bat;asm;asmx</Extensions>
    </Filter>
    <Filter Include="Header Files">
      <UniqueIdentifier>{93995380-89BD-4b04-88EB-625FBE52EBFB}</UniqueIdentifier>
      <Extensions>h;hh;hpp;hxx;hm;inl;inc;ipp;xsd</Extensions>
    </Filter>
    <Filter Include="Resource Files">
      <UniqueIdentifier>{67DA6AB6-F800-4c08-8B7A-83BB121AAD01}</UniqueIdentifier>
      <Extensions>rc;ico;cur;bmp;dlg;rc2;rct;bin;rgs;gif;jpg;jpeg;jpe;resx;tiff;tif;png;wav;mfcribbon-ms</Extensions>
    </Filter>
    <Filter Include="Header Files\GLAD">
      <UniqueIdentifier>{860b6afa-e0b5-4646-95be-d2e18d69e91b}</UniqueIdentifier>
    </Filter>
    <Filter Include="Source Files\GLAD">
      <UniqueIdentifier>{73ecea7d-a68b-4278-8346-0b7d6343c1d5}</UniqueIdentifier>
    </Filter>
    <Filter Include="Shaders">
      <UniqueIdentifier>{16756336-485f-463a-ad65-c16af67a0c6c}</UniqueIdentifier>
    </Filter>
  </ItemGroup>
  <ItemGroup>
    <ClInclude Include="glad\glad\glad.h">
      <Filter>Header Files\GLAD</Filter>
    </ClInclude>
    <ClInclude Include="glad\KHR\khrplatform.h">
      <Filter>Header Files\GLAD</Filter>
    </ClInclude>
    <ClInclude Include="TGAFile.h">
      <Filter>Header Files</Filter>
    </ClInclude>
  </ItemGroup>
  <ItemGroup>
    <ClCompile Include="learnopengl.cpp">
      <Filter>Source Files</Filter>
    </ClCompile>
    <ClCompile Include="glad\glad\glad.c">
      <Filter>Source Files\GLAD</Filter>
    </ClCompile>
    <ClCompile Include="TGAFile.cpp">
      <Filter>Source Files</Filter>
    </ClCompile>
  </ItemGroup>
  <ItemGroup>
    <None Include="packages.config" />
    <None Include="basic.frag">
      <Filter>Shaders</Filter>
    </None>
    <None Include="basic.vert">
      <Filter>Shaders</Filter>
    </None>
  </ItemGroup>
</Project>